// !$*UTF8*$!
{
	archiveVersion = 1;
	classes = {
	};
	objectVersion = 60;
	objects = {

/* Begin PBXBuildFile section */
		B00000000000000000000001 /* EnglishReaderApp.swift in Sources */ = {isa = PBXBuildFile; fileRef = F00000000000000000000001 /* EnglishReaderApp.swift */; };
		B00000000000000000000002 /* Book.swift in Sources */ = {isa = PBXBuildFile; fileRef = F00000000000000000000002 /* Book.swift */; };
		B00000000000000000000003 /* DictionaryEntry.swift in Sources */ = {isa = PBXBuildFile; fileRef = F00000000000000000000003 /* DictionaryEntry.swift */; };
		B00000000000000000000004 /* ReaderSettings.swift in Sources */ = {isa = PBXBuildFile; fileRef = F00000000000000000000004 /* ReaderSettings.swift */; };
		B00000000000000000000005 /* BookLibraryStore.swift in Sources */ = {isa = PBXBuildFile; fileRef = F00000000000000000000005 /* BookLibraryStore.swift */; };
		B00000000000000000000006 /* DictionaryService.swift in Sources */ = {isa = PBXBuildFile; fileRef = F00000000000000000000006 /* DictionaryService.swift */; };
		B00000000000000000000007 /* BookImportService.swift in Sources */ = {isa = PBXBuildFile; fileRef = F00000000000000000000007 /* BookImportService.swift */; };
		B00000000000000000000008 /* TXTParser.swift in Sources */ = {isa = PBXBuildFile; fileRef = F00000000000000000000008 /* TXTParser.swift */; };
		B00000000000000000000009 /* EPUBParser.swift in Sources */ = {isa = PBXBuildFile; fileRef = F00000000000000000000009 /* EPUBParser.swift */; };
		B00000000000000000000010 /* ReaderPaginator.swift in Sources */ = {isa = PBXBuildFile; fileRef = F00000000000000000000010 /* ReaderPaginator.swift */; };
		B00000000000000000000011 /* VolumeButtonPageController.swift in Sources */ = {isa = PBXBuildFile; fileRef = F00000000000000000000011 /* VolumeButtonPageController.swift */; };
		B00000000000000000000012 /* WordTokenizer.swift in Sources */ = {isa = PBXBuildFile; fileRef = F00000000000000000000012 /* WordTokenizer.swift */; };
		B00000000000000000000013 /* LibraryView.swift in Sources */ = {isa = PBXBuildFile; fileRef = F00000000000000000000013 /* LibraryView.swift */; };
		B00000000000000000000014 /* ReaderView.swift in Sources */ = {isa = PBXBuildFile; fileRef = F00000000000000000000014 /* ReaderView.swift */; };
		B00000000000000000000015 /* ReaderPageView.swift in Sources */ = {isa = PBXBuildFile; fileRef = F00000000000000000000015 /* ReaderPageView.swift */; };
		B00000000000000000000016 /* ReaderSettingsView.swift in Sources */ = {isa = PBXBuildFile; fileRef = F00000000000000000000016 /* ReaderSettingsView.swift */; };
		B00000000000000000000017 /* ChapterListView.swift in Sources */ = {isa = PBXBuildFile; fileRef = F00000000000000000000017 /* ChapterListView.swift */; };
		B00000000000000000000018 /* DictionarySheet.swift in Sources */ = {isa = PBXBuildFile; fileRef = F00000000000000000000018 /* DictionarySheet.swift */; };
		B00000000000000000000019 /* dictionary_seed.json in Resources */ = {isa = PBXBuildFile; fileRef = F00000000000000000000019 /* dictionary_seed.json */; };
		B00000000000000000000020 /* ZIPFoundation in Frameworks */ = {isa = PBXBuildFile; productRef = P00000000000000000000002 /* ZIPFoundation */; };
/* End PBXBuildFile section */

/* Begin PBXFileReference section */
		F00000000000000000000001 /* EnglishReaderApp.swift */ = {isa = PBXFileReference; lastKnownFileType = sourcecode.swift; path = EnglishReaderApp.swift; sourceTree = "<group>"; };
		F00000000000000000000002 /* Book.swift */ = {isa = PBXFileReference; lastKnownFileType = sourcecode.swift; path = Book.swift; sourceTree = "<group>"; };
		F00000000000000000000003 /* DictionaryEntry.swift */ = {isa = PBXFileReference; lastKnownFileType = sourcecode.swift; path = DictionaryEntry.swift; sourceTree = "<group>"; };
		F00000000000000000000004 /* ReaderSettings.swift */ = {isa = PBXFileReference; lastKnownFileType = sourcecode.swift; path = ReaderSettings.swift; sourceTree = "<group>"; };
		F00000000000000000000005 /* BookLibraryStore.swift */ = {isa = PBXFileReference; lastKnownFileType = sourcecode.swift; path = BookLibraryStore.swift; sourceTree = "<group>"; };
		F00000000000000000000006 /* DictionaryService.swift */ = {isa = PBXFileReference; lastKnownFileType = sourcecode.swift; path = DictionaryService.swift; sourceTree = "<group>"; };
		F00000000000000000000007 /* BookImportService.swift */ = {isa = PBXFileReference; lastKnownFileType = sourcecode.swift; path = BookImportService.swift; sourceTree = "<group>"; };
		F00000000000000000000008 /* TXTParser.swift */ = {isa = PBXFileReference; lastKnownFileType = sourcecode.swift; path = TXTParser.swift; sourceTree = "<group>"; };
		F00000000000000000000009 /* EPUBParser.swift */ = {isa = PBXFileReference; lastKnownFileType = sourcecode.swift; path = EPUBParser.swift; sourceTree = "<group>"; };
		F00000000000000000000010 /* ReaderPaginator.swift */ = {isa = PBXFileReference; lastKnownFileType = sourcecode.swift; path = ReaderPaginator.swift; sourceTree = "<group>"; };
		F00000000000000000000011 /* VolumeButtonPageController.swift */ = {isa = PBXFileReference; lastKnownFileType = sourcecode.swift; path = VolumeButtonPageController.swift; sourceTree = "<group>"; };
		F00000000000000000000012 /* WordTokenizer.swift */ = {isa = PBXFileReference; lastKnownFileType = sourcecode.swift; path = WordTokenizer.swift; sourceTree = "<group>"; };
		F00000000000000000000013 /* LibraryView.swift */ = {isa = PBXFileReference; lastKnownFileType = sourcecode.swift; path = LibraryView.swift; sourceTree = "<group>"; };
		F00000000000000000000014 /* ReaderView.swift */ = {isa = PBXFileReference; lastKnownFileType = sourcecode.swift; path = ReaderView.swift; sourceTree = "<group>"; };
		F00000000000000000000015 /* ReaderPageView.swift */ = {isa = PBXFileReference; lastKnownFileType = sourcecode.swift; path = ReaderPageView.swift; sourceTree = "<group>"; };
		F00000000000000000000016 /* ReaderSettingsView.swift */ = {isa = PBXFileReference; lastKnownFileType = sourcecode.swift; path = ReaderSettingsView.swift; sourceTree = "<group>"; };
		F00000000000000000000017 /* ChapterListView.swift */ = {isa = PBXFileReference; lastKnownFileType = sourcecode.swift; path = ChapterListView.swift; sourceTree = "<group>"; };
		F00000000000000000000018 /* DictionarySheet.swift */ = {isa = PBXFileReference; lastKnownFileType = sourcecode.swift; path = DictionarySheet.swift; sourceTree = "<group>"; };
		F00000000000000000000019 /* dictionary_seed.json */ = {isa = PBXFileReference; lastKnownFileType = text.json; path = dictionary_seed.json; sourceTree = "<group>"; };
		F00000000000000000000020 /* EnglishReader.app */ = {isa = PBXFileReference; explicitFileType = wrapper.application; includeInIndex = 0; path = EnglishReader.app; sourceTree = BUILT_PRODUCTS_DIR; };
/* End PBXFileReference section */

/* Begin PBXFrameworksBuildPhase section */
		A00000000000000000000008 /* Frameworks */ = {
			isa = PBXFrameworksBuildPhase;
			buildActionMask = 2147483647;
			files = (
				B00000000000000000000020 /* ZIPFoundation in Frameworks */,
			);
			runOnlyForDeploymentPostprocessing = 0;
		};
/* End PBXFrameworksBuildPhase section */

/* Begin PBXGroup section */
		A00000000000000000000002 = {
			isa = PBXGroup;
			children = (
				A00000000000000000000015 /* EnglishReader */,
				A00000000000000000000003 /* Products */,
			);
			sourceTree = "<group>";
		};
		A00000000000000000000003 /* Products */ = {
			isa = PBXGroup;
			children = (
				F00000000000000000000020 /* EnglishReader.app */,
			);
			name = Products;
			sourceTree = "<group>";
		};
		A00000000000000000000015 /* EnglishReader */ = {
			isa = PBXGroup;
			children = (
				F00000000000000000000001 /* EnglishReaderApp.swift */,
				A00000000000000000000016 /* Models */,
				A00000000000000000000017 /* Services */,
				A00000000000000000000018 /* Utilities */,
				A00000000000000000000019 /* Views */,
				A00000000000000000000020 /* Resources */,
			);
			path = EnglishReader;
			sourceTree = "<group>";
		};
		A00000000000000000000016 /* Models */ = {
			isa = PBXGroup;
			children = (
				F00000000000000000000002 /* Book.swift */,
				F00000000000000000000003 /* DictionaryEntry.swift */,
				F00000000000000000000004 /* ReaderSettings.swift */,
			);
			path = Models;
			sourceTree = "<group>";
		};
		A00000000000000000000017 /* Services */ = {
			isa = PBXGroup;
			children = (
				F00000000000000000000005 /* BookLibraryStore.swift */,
				F00000000000000000000006 /* DictionaryService.swift */,
				F00000000000000000000007 /* BookImportService.swift */,
				F00000000000000000000008 /* TXTParser.swift */,
				F00000000000000000000009 /* EPUBParser.swift */,
				F00000000000000000000010 /* ReaderPaginator.swift */,
				F00000000000000000000011 /* VolumeButtonPageController.swift */,
			);
			path = Services;
			sourceTree = "<group>";
		};
		A00000000000000000000018 /* Utilities */ = {
			isa = PBXGroup;
			children = (
				F00000000000000000000012 /* WordTokenizer.swift */,
			);
			path = Utilities;
			sourceTree = "<group>";
		};
		A00000000000000000000019 /* Views */ = {
			isa = PBXGroup;
			children = (
				F00000000000000000000013 /* LibraryView.swift */,
				F00000000000000000000014 /* ReaderView.swift */,
				F00000000000000000000015 /* ReaderPageView.swift */,
				F00000000000000000000016 /* ReaderSettingsView.swift */,
				F00000000000000000000017 /* ChapterListView.swift */,
				F00000000000000000000018 /* DictionarySheet.swift */,
			);
			path = Views;
			sourceTree = "<group>";
		};
		A00000000000000000000020 /* Resources */ = {
			isa = PBXGroup;
			children = (
				F00000000000000000000019 /* dictionary_seed.json */,
			);
			path = Resources;
			sourceTree = "<group>";
		};
/* End PBXGroup section */

/* Begin PBXNativeTarget section */
		A00000000000000000000004 /* EnglishReader */ = {
			isa = PBXNativeTarget;
			buildConfigurationList = A00000000000000000000010 /* Build configuration list for PBXNativeTarget "EnglishReader" */;
			buildPhases = (
				A00000000000000000000006 /* Sources */,
				A00000000000000000000008 /* Frameworks */,
				A00000000000000000000007 /* Resources */,
			);
			buildRules = (
			);
			dependencies = (
			);
			name = EnglishReader;
			packageProductDependencies = (
				P00000000000000000000002 /* ZIPFoundation */,
			);
			productName = EnglishReader;
			productReference = F00000000000000000000020 /* EnglishReader.app */;
			productType = "com.apple.product-type.application";
		};
/* End PBXNativeTarget section */

/* Begin PBXProject section */
		A00000000000000000000001 /* Project object */ = {
			isa = PBXProject;
			attributes = {
				BuildIndependentTargetsInParallel = 1;
				LastSwiftUpdateCheck = 1600;
				LastUpgradeCheck = 1600;
				TargetAttributes = {
					A00000000000000000000004 = {
						CreatedOnToolsVersion = 16.0;
					};
				};
			};
			buildConfigurationList = A00000000000000000000009 /* Build configuration list for PBXProject "EnglishReader" */;
			compatibilityVersion = "Xcode 14.0";
			developmentRegion = en;
			hasScannedForEncodings = 0;
			knownRegions = (
				en,
				Base,
			);
			mainGroup = A00000000000000000000002;
			packageReferences = (
				P00000000000000000000001 /* XCRemoteSwiftPackageReference "ZIPFoundation" */,
			);
			productRefGroup = A00000000000000000000003 /* Products */;
			projectDirPath = "";
			projectRoot = "";
			targets = (
				A00000000000000000000004 /* EnglishReader */,
			);
		};
/* End PBXProject section */

/* Begin PBXResourcesBuildPhase section */
		A00000000000000000000007 /* Resources */ = {
			isa = PBXResourcesBuildPhase;
			buildActionMask = 2147483647;
			files = (
				B00000000000000000000019 /* dictionary_seed.json in Resources */,
			);
			runOnlyForDeploymentPostprocessing = 0;
		};
/* End PBXResourcesBuildPhase section */

/* Begin PBXSourcesBuildPhase section */
		A00000000000000000000006 /* Sources */ = {
			isa = PBXSourcesBuildPhase;
			buildActionMask = 2147483647;
			files = (
				B00000000000000000000001 /* EnglishReaderApp.swift in Sources */,
				B00000000000000000000002 /* Book.swift in Sources */,
				B00000000000000000000003 /* DictionaryEntry.swift in Sources */,
				B00000000000000000000004 /* ReaderSettings.swift in Sources */,
				B00000000000000000000005 /* BookLibraryStore.swift in Sources */,
				B00000000000000000000006 /* DictionaryService.swift in Sources */,
				B00000000000000000000007 /* BookImportService.swift in Sources */,
				B00000000000000000000008 /* TXTParser.swift in Sources */,
				B00000000000000000000009 /* EPUBParser.swift in Sources */,
				B00000000000000000000010 /* ReaderPaginator.swift in Sources */,
				B00000000000000000000011 /* VolumeButtonPageController.swift in Sources */,
				B00000000000000000000012 /* WordTokenizer.swift in Sources */,
				B00000000000000000000013 /* LibraryView.swift in Sources */,
				B00000000000000000000014 /* ReaderView.swift in Sources */,
				B00000000000000000000015 /* ReaderPageView.swift in Sources */,
				B00000000000000000000016 /* ReaderSettingsView.swift in Sources */,
				B00000000000000000000017 /* ChapterListView.swift in Sources */,
				B00000000000000000000018 /* DictionarySheet.swift in Sources */,
			);
			runOnlyForDeploymentPostprocessing = 0;
		};
/* End PBXSourcesBuildPhase section */

/* Begin XCBuildConfiguration section */
		A00000000000000000000011 /* Debug */ = {
			isa = XCBuildConfiguration;
			buildSettings = {
				ALWAYS_SEARCH_USER_PATHS = NO;
				CLANG_ANALYZER_NONNULL = YES;
				CLANG_ANALYZER_NUMBER_OBJECT_CONVERSION = YES_AGGRESSIVE;
				CLANG_CXX_LANGUAGE_STANDARD = "gnu++20";
				CLANG_ENABLE_MODULES = YES;
				CLANG_ENABLE_OBJC_ARC = YES;
				CLANG_ENABLE_OBJC_WEAK = YES;
				CLANG_WARN_BLOCK_CAPTURE_AUTORELEASING = YES;
				CLANG_WARN_BOOL_CONVERSION = YES;
				CLANG_WARN_COMMA = YES;
				CLANG_WARN_CONSTANT_CONVERSION = YES;
				CLANG_WARN_DEPRECATED_OBJC_IMPLEMENTATIONS = YES;
				CLANG_WARN_DIRECT_OBJC_ISA_USAGE = YES_ERROR;
				CLANG_WARN_DOCUMENTATION_COMMENTS = YES;
				CLANG_WARN_EMPTY_BODY = YES;
				CLANG_WARN_ENUM_CONVERSION = YES;
				CLANG_WARN_INFINITE_RECURSION = YES;
				CLANG_WARN_INT_CONVERSION = YES;
				CLANG_WARN_NON_LITERAL_NULL_CONVERSION = YES;
				CLANG_WARN_OBJC_IMPLICIT_RETAIN_SELF = YES;
				CLANG_WARN_OBJC_LITERAL_CONVERSION = YES;
				CLANG_WARN_OBJC_ROOT_CLASS = YES_ERROR;
				CLANG_WARN_QUOTED_INCLUDE_IN_FRAMEWORK_HEADER = YES;
				CLANG_WARN_RANGE_LOOP_ANALYSIS = YES;
				CLANG_WARN_STRICT_PROTOTYPES = YES;
				CLANG_WARN_SUSPICIOUS_MOVE = YES;
				CLANG_WARN_UNGUARDED_AVAILABILITY = YES_AGGRESSIVE;
				CLANG_WARN_UNREACHABLE_CODE = YES;
				CLANG_WARN__DUPLICATE_METHOD_MATCH = YES;
				COPY_PHASE_STRIP = NO;
				DEBUG_INFORMATION_FORMAT = dwarf;
				ENABLE_STRICT_OBJC_MSGSEND = YES;
				ENABLE_TESTABILITY = YES;
				ENABLE_USER_SCRIPT_SANDBOXING = YES;
				GCC_C_LANGUAGE_STANDARD = gnu17;
				GCC_DYNAMIC_NO_PIC = NO;
				GCC_NO_COMMON_BLOCKS = YES;
				GCC_OPTIMIZATION_LEVEL = 0;
				GCC_PREPROCESSOR_DEFINITIONS = (
					"DEBUG=1",
					"$(inherited)",
				);
				GCC_WARN_64_TO_32_BIT_CONVERSION = YES;
				GCC_WARN_ABOUT_RETURN_TYPE = YES_ERROR;
				GCC_WARN_UNDECLARED_SELECTOR = YES;
				GCC_WARN_UNINITIALIZED_AUTOS = YES_AGGRESSIVE;
				GCC_WARN_UNUSED_FUNCTION = YES;
				GCC_WARN_UNUSED_VARIABLE = YES;
				IPHONEOS_DEPLOYMENT_TARGET = 17.0;
				MTL_ENABLE_DEBUG_INFO = INCLUDE_SOURCE;
				MTL_FAST_MATH = YES;
				ONLY_ACTIVE_ARCH = YES;
				SDKROOT = iphoneos;
				SWIFT_ACTIVE_COMPILATION_CONDITIONS = DEBUG;
				SWIFT_OPTIMIZATION_LEVEL = "-Onone";
			};
			name = Debug;
		};
		A00000000000000000000012 /* Release */ = {
			isa = XCBuildConfiguration;
			buildSettings = {
				ALWAYS_SEARCH_USER_PATHS = NO;
				CLANG_ANALYZER_NONNULL = YES;
				CLANG_ANALYZER_NUMBER_OBJECT_CONVERSION = YES_AGGRESSIVE;
				CLANG_CXX_LANGUAGE_STANDARD = "gnu++20";
				CLANG_ENABLE_MODULES = YES;
				CLANG_ENABLE_OBJC_ARC = YES;
				CLANG_ENABLE_OBJC_WEAK = YES;
				CLANG_WARN_BLOCK_CAPTURE_AUTORELEASING = YES;
				CLANG_WARN_BOOL_CONVERSION = YES;
				CLANG_WARN_COMMA = YES;
				CLANG_WARN_CONSTANT_CONVERSION = YES;
				CLANG_WARN_DEPRECATED_OBJC_IMPLEMENTATIONS = YES;
				CLANG_WARN_DIRECT_OBJC_ISA_USAGE = YES_ERROR;
				CLANG_WARN_DOCUMENTATION_COMMENTS = YES;
				CLANG_WARN_EMPTY_BODY = YES;
				CLANG_WARN_ENUM_CONVERSION = YES;
				CLANG_WARN_INFINITE_RECURSION = YES;
				CLANG_WARN_INT_CONVERSION = YES;
				CLANG_WARN_NON_LITERAL_NULL_CONVERSION = YES;
				CLANG_WARN_OBJC_IMPLICIT_RETAIN_SELF = YES;
				CLANG_WARN_OBJC_LITERAL_CONVERSION = YES;
				CLANG_WARN_OBJC_ROOT_CLASS = YES_ERROR;
				CLANG_WARN_QUOTED_INCLUDE_IN_FRAMEWORK_HEADER = YES;
				CLANG_WARN_RANGE_LOOP_ANALYSIS = YES;
				CLANG_WARN_STRICT_PROTOTYPES = YES;
				CLANG_WARN_SUSPICIOUS_MOVE = YES;
				CLANG_WARN_UNGUARDED_AVAILABILITY = YES_AGGRESSIVE;
				CLANG_WARN_UNREACHABLE_CODE = YES;
				CLANG_WARN__DUPLICATE_METHOD_MATCH = YES;
				COPY_PHASE_STRIP = NO;
				DEBUG_INFORMATION_FORMAT = "dwarf-with-dsym";
				ENABLE_NS_ASSERTIONS = NO;
				ENABLE_STRICT_OBJC_MSGSEND = YES;
				ENABLE_USER_SCRIPT_SANDBOXING = YES;
				GCC_C_LANGUAGE_STANDARD = gnu17;
				GCC_NO_COMMON_BLOCKS = YES;
				GCC_WARN_64_TO_32_BIT_CONVERSION = YES;
				GCC_WARN_ABOUT_RETURN_TYPE = YES_ERROR;
				GCC_WARN_UNDECLARED_SELECTOR = YES;
				GCC_WARN_UNINITIALIZED_AUTOS = YES_AGGRESSIVE;
				GCC_WARN_UNUSED_FUNCTION = YES;
				GCC_WARN_UNUSED_VARIABLE = YES;
				IPHONEOS_DEPLOYMENT_TARGET = 17.0;
				MTL_ENABLE_DEBUG_INFO = NO;
				MTL_FAST_MATH = YES;
				SDKROOT = iphoneos;
				SWIFT_COMPILATION_MODE = wholemodule;
				VALIDATE_PRODUCT = YES;
			};
			name = Release;
		};
		A00000000000000000000013 /* Debug */ = {
			isa = XCBuildConfiguration;
			buildSettings = {
				CODE_SIGN_STYLE = Automatic;
				CURRENT_PROJECT_VERSION = 1;
				DEVELOPMENT_TEAM = "";
				ENABLE_PREVIEWS = YES;
				GENERATE_INFOPLIST_FILE = YES;
				INFOPLIST_KEY_CFBundleDisplayName = "English Reader";
				INFOPLIST_KEY_LSApplicationCategoryType = "public.app-category.education";
				INFOPLIST_KEY_UILaunchScreen_Generation = YES;
				INFOPLIST_KEY_UISupportedInterfaceOrientations_iPad = "UIInterfaceOrientationPortrait UIInterfaceOrientationPortraitUpsideDown UIInterfaceOrientationLandscapeLeft UIInterfaceOrientationLandscapeRight";
				INFOPLIST_KEY_UISupportedInterfaceOrientations_iPhone = "UIInterfaceOrientationPortrait UIInterfaceOrientationLandscapeLeft UIInterfaceOrientationLandscapeRight";
				IPHONEOS_DEPLOYMENT_TARGET = 17.0;
				LD_RUNPATH_SEARCH_PATHS = (
					"$(inherited)",
					"@executable_path/Frameworks",
				);
				MARKETING_VERSION = 1.0;
				PRODUCT_BUNDLE_IDENTIFIER = com.example.EnglishReader;
				PRODUCT_NAME = "$(TARGET_NAME)";
				SUPPORTED_PLATFORMS = "iphoneos iphonesimulator";
				SUPPORTS_MACCATALYST = NO;
				SWIFT_EMIT_LOC_STRINGS = YES;
				SWIFT_VERSION = 5.0;
				TARGETED_DEVICE_FAMILY = "1,2";
			};
			name = Debug;
		};
		A00000000000000000000014 /* Release */ = {
			isa = XCBuildConfiguration;
			buildSettings = {
				CODE_SIGN_STYLE = Automatic;
				CURRENT_PROJECT_VERSION = 1;
				DEVELOPMENT_TEAM = "";
				ENABLE_PREVIEWS = YES;
				GENERATE_INFOPLIST_FILE = YES;
				INFOPLIST_KEY_CFBundleDisplayName = "English Reader";
				INFOPLIST_KEY_LSApplicationCategoryType = "public.app-category.education";
				INFOPLIST_KEY_UILaunchScreen_Generation = YES;
				INFOPLIST_KEY_UISupportedInterfaceOrientations_iPad = "UIInterfaceOrientationPortrait UIInterfaceOrientationPortraitUpsideDown UIInterfaceOrientationLandscapeLeft UIInterfaceOrientationLandscapeRight";
				INFOPLIST_KEY_UISupportedInterfaceOrientations_iPhone = "UIInterfaceOrientationPortrait UIInterfaceOrientationLandscapeLeft UIInterfaceOrientationLandscapeRight";
				IPHONEOS_DEPLOYMENT_TARGET = 17.0;
				LD_RUNPATH_SEARCH_PATHS = (
					"$(inherited)",
					"@executable_path/Frameworks",
				);
				MARKETING_VERSION = 1.0;
				PRODUCT_BUNDLE_IDENTIFIER = com.example.EnglishReader;
				PRODUCT_NAME = "$(TARGET_NAME)";
				SUPPORTED_PLATFORMS = "iphoneos iphonesimulator";
				SUPPORTS_MACCATALYST = NO;
				SWIFT_EMIT_LOC_STRINGS = YES;
				SWIFT_VERSION = 5.0;
				TARGETED_DEVICE_FAMILY = "1,2";
			};
			name = Release;
		};
/* End XCBuildConfiguration section */

/* Begin XCConfigurationList section */
		A00000000000000000000009 /* Build configuration list for PBXProject "EnglishReader" */ = {
			isa = XCConfigurationList;
			buildConfigurations = (
				A00000000000000000000011 /* Debug */,
				A00000000000000000000012 /* Release */,
			);
			defaultConfigurationIsVisible = 0;
			defaultConfigurationName = Release;
		};
		A00000000000000000000010 /* Build configuration list for PBXNativeTarget "EnglishReader" */ = {
			isa = XCConfigurationList;
			buildConfigurations = (
				A00000000000000000000013 /* Debug */,
				A00000000000000000000014 /* Release */,
			);
			defaultConfigurationIsVisible = 0;
			defaultConfigurationName = Release;
		};
/* End XCConfigurationList section */

/* Begin XCRemoteSwiftPackageReference section */
		P00000000000000000000001 /* XCRemoteSwiftPackageReference "ZIPFoundation" */ = {
			isa = XCRemoteSwiftPackageReference;
			repositoryURL = "https://github.com/weichsel/ZIPFoundation.git";
			requirement = {
				kind = upToNextMajorVersion;
				minimumVersion = 0.9.19;
			};
		};
/* End XCRemoteSwiftPackageReference section */

/* Begin XCSwiftPackageProductDependency section */
		P00000000000000000000002 /* ZIPFoundation */ = {
			isa = XCSwiftPackageProductDependency;
			package = P00000000000000000000001 /* XCRemoteSwiftPackageReference "ZIPFoundation" */;
			productName = ZIPFoundation;
		};
/* End XCSwiftPackageProductDependency section */
	};
	rootObject = A00000000000000000000001 /* Project object */;
}
